PODS:
  - TDTChocolate (1.0.3):
    - TDTChocolate/CoreDataAdditions
    - TDTChocolate/FoundationAdditions
    - TDTChocolate/TestingAdditions
  - TDTChocolate/CoreDataAdditions (1.0.3)
  - TDTChocolate/FoundationAdditions (1.0.3)
  - TDTChocolate/TestingAdditions (1.0.3)

DEPENDENCIES:
  - TDTChocolate (from `../`)

EXTERNAL SOURCES:
  TDTChocolate:
    :path: ../

SPEC CHECKSUMS:
  TDTChocolate: 33210273aa1d0cf832d136e5b2b7a3879e07cf57

COCOAPODS: 0.29.0
