PODS:
  - TDTChocolate (2.9.3):
    - TDTChocolate/CoreDataAdditions (= 2.9.3)
    - TDTChocolate/FoundationAdditions (= 2.9.3)
    - TDTChocolate/TestingAdditions (= 2.9.3)
  - TDTChocolate/CoreDataAdditions (2.9.3):
    - TDTChocolate/FoundationAdditions
  - TDTChocolate/FoundationAdditions (2.9.3)
  - TDTChocolate/TestingAdditions (2.9.3)

DEPENDENCIES:
  - TDTChocolate (from `../`)

EXTERNAL SOURCES:
  TDTChocolate:
    :path: "../"

SPEC CHECKSUMS:
  TDTChocolate: ba9cb94dd052622202da04c646ac40745b9dda21

COCOAPODS: 0.38.2
