PODS:
  - TDTChocolate (2.13.0):
    - TDTChocolate/CoreDataAdditions (= 2.13.0)
    - TDTChocolate/FoundationAdditions (= 2.13.0)
    - TDTChocolate/TestingAdditions (= 2.13.0)
  - TDTChocolate/CoreDataAdditions (2.13.0):
    - TDTChocolate/FoundationAdditions
  - TDTChocolate/FoundationAdditions (2.13.0)
  - TDTChocolate/TestingAdditions (2.13.0)

DEPENDENCIES:
  - TDTChocolate (from `../`)

EXTERNAL SOURCES:
  TDTChocolate:
    :path: "../"

SPEC CHECKSUMS:
  TDTChocolate: 85abf00b779241ea291296236976ba35ce77d37e

PODFILE CHECKSUM: f8e50f5c05726a6efa7b8fbe50c99c5f565e5ed8

COCOAPODS: 1.2.0
